github.com/fsnotify/fsnotify v1.6.1-0.20230115155808-883002e0390d h1:B71JAJk7srmvZQVJQvvuH128QPvVwkYowINGYdzoXMY=
github.com/fsnotify/fsnotify v1.6.1-0.20230115155808-883002e0390d/go.mod h1:amUL+aK/W17oCnEPmWL0P+AqPRJ5N/fev7b77UXL8og=
github.com/power-devops/ahafs v0.1.4 h1:XwbiD4LcPOYg7sSbQfAgCUm2/WZcxu1xLah3MCU2vak=
github.com/power-devops/ahafs v0.1.4/go.mod h1:Lkmg99cqQuIEYNOenc26wcNa7QnijeCGRbu+PAyXZEM=
golang.org/x/sys v0.0.0-20210218155724-8ebf48af031b/go.mod h1:h1NjWce9XRLGQEsW7wpKNCjG9DtNlClVuFLEZdDNbEs=
golang.org/x/sys v0.0.0-20220908164124-27713097b956 h1:XeJjHH1KiLpKGb6lvMiksZ9l0fVUh+AmGcm0nOMEBOY=
golang.org/x/sys v0.0.0-20220908164124-27713097b956/go.mod h1:oPkhp1MJrh7nUepCBck5+mAzfO9JrbApNNgaTdGDITg=
gopkg.in/tomb.v1 v1.0.0-20141024135613-dd632973f1e7 h1:uRGJdciOHaEIrze2W8Q3AKkepLTh2hOroT7a+7czfdQ=
gopkg.in/tomb.v1 v1.0.0-20141024135613-dd632973f1e7/go.mod h1:dt/ZhP58zS4L8KSrWDmTeBkI65Dw0HsyUHuEVlX15mw=
